
Microsoft Visual Studio Solution File, Format Version 12.00
# Visual Studio Version 16
VisualStudioVersion = 16.0.29326.143
MinimumVisualStudioVersion = 10.0.40219.1
Project("{9A19103F-16F7-4668-BE54-9A1E7A4F7556}") = "Weaselware.Mosiac.UI", "Weaselware.Mosiac.UI\Weaselware.Mosiac.UI.csproj", "{C8ECBFCD-ACDC-4F5E-B092-66EEC64BF942}"
EndProject
Project("{9A19103F-16F7-4668-BE54-9A1E7A4F7556}") = "Weaselware.Mosiac.Model", "Weaselware.Mosiac.Model\Weaselware.Mosiac.Model.csproj", "{B40932E5-AD6F-4481-A3D4-E83F799DB30C}"
EndProject
Project("{9A19103F-16F7-4668-BE54-9A1E7A4F7556}") = "Weaselware.Mosiac.DataAccess", "Weaselware.Mosiac.DataAccess\Weaselware.Mosiac.DataAccess.csproj", "{F559D06D-5CFF-4781-9880-BE6E529C3727}"
EndProject
Project("{FAE04EC0-301F-11D3-BF4B-00C04F79EFBC}") = "Globomantics.UI.WPF", "..\..\..\Downloads\wpf-advanced-reusable-styles-themes\01\demos\Globomantics.UI\Globomantics.UI.WPF\Globomantics.UI.WPF.csproj", "{DB41F8A0-F1BF-468A-80D3-1994DEDBAA29}"
EndProject
Project("{FAE04EC0-301F-11D3-BF4B-00C04F79EFBC}") = "MosiacTest", "MosiacTest\MosiacTest.csproj", "{D820285B-5969-4D8B-BF8D-C64E2AE8A0C3}"
EndProject
Global
	GlobalSection(SolutionConfigurationPlatforms) = preSolution
		Debug|Any CPU = Debug|Any CPU
		Release|Any CPU = Release|Any CPU
	EndGlobalSection
	GlobalSection(ProjectConfigurationPlatforms) = postSolution
		{C8ECBFCD-ACDC-4F5E-B092-66EEC64BF942}.Debug|Any CPU.ActiveCfg = Debug|Any CPU
		{C8ECBFCD-ACDC-4F5E-B092-66EEC64BF942}.Debug|Any CPU.Build.0 = Debug|Any CPU
		{C8ECBFCD-ACDC-4F5E-B092-66EEC64BF942}.Release|Any CPU.ActiveCfg = Release|Any CPU
		{C8ECBFCD-ACDC-4F5E-B092-66EEC64BF942}.Release|Any CPU.Build.0 = Release|Any CPU
		{B40932E5-AD6F-4481-A3D4-E83F799DB30C}.Debug|Any CPU.ActiveCfg = Debug|Any CPU
		{B40932E5-AD6F-4481-A3D4-E83F799DB30C}.Debug|Any CPU.Build.0 = Debug|Any CPU
		{B40932E5-AD6F-4481-A3D4-E83F799DB30C}.Release|Any CPU.ActiveCfg = Release|Any CPU
		{B40932E5-AD6F-4481-A3D4-E83F799DB30C}.Release|Any CPU.Build.0 = Release|Any CPU
		{F559D06D-5CFF-4781-9880-BE6E529C3727}.Debug|Any CPU.ActiveCfg = Debug|Any CPU
		{F559D06D-5CFF-4781-9880-BE6E529C3727}.Debug|Any CPU.Build.0 = Debug|Any CPU
		{F559D06D-5CFF-4781-9880-BE6E529C3727}.Release|Any CPU.ActiveCfg = Release|Any CPU
		{F559D06D-5CFF-4781-9880-BE6E529C3727}.Release|Any CPU.Build.0 = Release|Any CPU
		{DB41F8A0-F1BF-468A-80D3-1994DEDBAA29}.Debug|Any CPU.ActiveCfg = Debug|Any CPU
		{DB41F8A0-F1BF-468A-80D3-1994DEDBAA29}.Debug|Any CPU.Build.0 = Debug|Any CPU
		{DB41F8A0-F1BF-468A-80D3-1994DEDBAA29}.Release|Any CPU.ActiveCfg = Release|Any CPU
		{DB41F8A0-F1BF-468A-80D3-1994DEDBAA29}.Release|Any CPU.Build.0 = Release|Any CPU
		{D820285B-5969-4D8B-BF8D-C64E2AE8A0C3}.Debug|Any CPU.ActiveCfg = Debug|Any CPU
		{D820285B-5969-4D8B-BF8D-C64E2AE8A0C3}.Debug|Any CPU.Build.0 = Debug|Any CPU
		{D820285B-5969-4D8B-BF8D-C64E2AE8A0C3}.Release|Any CPU.ActiveCfg = Release|Any CPU
		{D820285B-5969-4D8B-BF8D-C64E2AE8A0C3}.Release|Any CPU.Build.0 = Release|Any CPU
	EndGlobalSection
	GlobalSection(SolutionProperties) = preSolution
		HideSolutionNode = FALSE
	EndGlobalSection
	GlobalSection(ExtensibilityGlobals) = postSolution
		SolutionGuid = {72597237-5095-43D0-B249-C49DC20307D3}
	EndGlobalSection
EndGlobal
